// !$*UTF8*$!
{
	archiveVersion = 1;
	classes = {
	};
	objectVersion = 56;
	objects = {

/* Begin PBXBuildFile section */
		150B08672926732E00CFFADC /* DashboardView.swift in Sources */ = {isa = PBXBuildFile; fileRef = 150B08662926732E00CFFADC /* DashboardView.swift */; };
		150B08692926734400CFFADC /* ProfileView.swift in Sources */ = {isa = PBXBuildFile; fileRef = 150B08682926734400CFFADC /* ProfileView.swift */; };
		1520140229266A6A004D3089 /* GitHubApp.swift in Sources */ = {isa = PBXBuildFile; fileRef = 1520140129266A6A004D3089 /* GitHubApp.swift */; };
		1520140429266A6A004D3089 /* ContentView.swift in Sources */ = {isa = PBXBuildFile; fileRef = 1520140329266A6A004D3089 /* ContentView.swift */; };
		1520140629266A6B004D3089 /* Assets.xcassets in Resources */ = {isa = PBXBuildFile; fileRef = 1520140529266A6B004D3089 /* Assets.xcassets */; };
		1520140929266A6B004D3089 /* Preview Assets.xcassets in Resources */ = {isa = PBXBuildFile; fileRef = 1520140829266A6B004D3089 /* Preview Assets.xcassets */; };
		157CD0E62926810C008D3BCF /* AddFavRepoView.swift in Sources */ = {isa = PBXBuildFile; fileRef = 157CD0E52926810C008D3BCF /* AddFavRepoView.swift */; };
		157CD0E8292694F8008D3BCF /* RepoListDetails.swift in Sources */ = {isa = PBXBuildFile; fileRef = 157CD0E7292694F8008D3BCF /* RepoListDetails.swift */; };
		157CD0ED2926B2A0008D3BCF /* MyWorkListDetail.swift in Sources */ = {isa = PBXBuildFile; fileRef = 157CD0EC2926B2A0008D3BCF /* MyWorkListDetail.swift */; };
		157CD0EF2926B369008D3BCF /* MyWorkListEnum.swift in Sources */ = {isa = PBXBuildFile; fileRef = 157CD0EE2926B369008D3BCF /* MyWorkListEnum.swift */; };
		157CD0F3292713B9008D3BCF /* AddFavButton.swift in Sources */ = {isa = PBXBuildFile; fileRef = 157CD0F2292713B9008D3BCF /* AddFavButton.swift */; };
		157CD0F92927B963008D3BCF /* RecentMissing.swift in Sources */ = {isa = PBXBuildFile; fileRef = 157CD0F82927B963008D3BCF /* RecentMissing.swift */; };
		159592FC292677A4000F6185 /* Repository.swift in Sources */ = {isa = PBXBuildFile; fileRef = 159592FB292677A4000F6185 /* Repository.swift */; };
		1595930629267987000F6185 /* GitUser.swift in Sources */ = {isa = PBXBuildFile; fileRef = 1595930529267987000F6185 /* GitUser.swift */; };
		159FDCC62927D05500A3AF62 /* ProfileIcon.swift in Sources */ = {isa = PBXBuildFile; fileRef = 159FDCC52927D05500A3AF62 /* ProfileIcon.swift */; };
		159FDCC92927D10000A3AF62 /* UserActivityGrid.swift in Sources */ = {isa = PBXBuildFile; fileRef = 159FDCC82927D10000A3AF62 /* UserActivityGrid.swift */; };
		159FDCCB2927D1A300A3AF62 /* Organization.swift in Sources */ = {isa = PBXBuildFile; fileRef = 159FDCCA2927D1A300A3AF62 /* Organization.swift */; };
		159FDCD22927E85300A3AF62 /* ExploreView.swift in Sources */ = {isa = PBXBuildFile; fileRef = 159FDCD12927E85300A3AF62 /* ExploreView.swift */; };
		159FDCD42927EE0E00A3AF62 /* ToolBarProfileView.swift in Sources */ = {isa = PBXBuildFile; fileRef = 159FDCD32927EE0E00A3AF62 /* ToolBarProfileView.swift */; };
		159FDCD62927EE6000A3AF62 /* ToolBarDasboardView.swift in Sources */ = {isa = PBXBuildFile; fileRef = 159FDCD52927EE6000A3AF62 /* ToolBarDasboardView.swift */; };
/* End PBXBuildFile section */

/* Begin PBXFileReference section */
		150B08662926732E00CFFADC /* DashboardView.swift */ = {isa = PBXFileReference; lastKnownFileType = sourcecode.swift; path = DashboardView.swift; sourceTree = "<group>"; };
		150B08682926734400CFFADC /* ProfileView.swift */ = {isa = PBXFileReference; lastKnownFileType = sourcecode.swift; path = ProfileView.swift; sourceTree = "<group>"; };
		152013FE29266A6A004D3089 /* GitHub.app */ = {isa = PBXFileReference; explicitFileType = wrapper.application; includeInIndex = 0; path = GitHub.app; sourceTree = BUILT_PRODUCTS_DIR; };
		1520140129266A6A004D3089 /* GitHubApp.swift */ = {isa = PBXFileReference; lastKnownFileType = sourcecode.swift; path = GitHubApp.swift; sourceTree = "<group>"; };
		1520140329266A6A004D3089 /* ContentView.swift */ = {isa = PBXFileReference; lastKnownFileType = sourcecode.swift; path = ContentView.swift; sourceTree = "<group>"; };
		1520140529266A6B004D3089 /* Assets.xcassets */ = {isa = PBXFileReference; lastKnownFileType = folder.assetcatalog; path = Assets.xcassets; sourceTree = "<group>"; };
		1520140829266A6B004D3089 /* Preview Assets.xcassets */ = {isa = PBXFileReference; lastKnownFileType = folder.assetcatalog; path = "Preview Assets.xcassets"; sourceTree = "<group>"; };
		157CD0E52926810C008D3BCF /* AddFavRepoView.swift */ = {isa = PBXFileReference; lastKnownFileType = sourcecode.swift; path = AddFavRepoView.swift; sourceTree = "<group>"; };
		157CD0E7292694F8008D3BCF /* RepoListDetails.swift */ = {isa = PBXFileReference; lastKnownFileType = sourcecode.swift; path = RepoListDetails.swift; sourceTree = "<group>"; };
		157CD0EC2926B2A0008D3BCF /* MyWorkListDetail.swift */ = {isa = PBXFileReference; lastKnownFileType = sourcecode.swift; path = MyWorkListDetail.swift; sourceTree = "<group>"; };
		157CD0EE2926B369008D3BCF /* MyWorkListEnum.swift */ = {isa = PBXFileReference; lastKnownFileType = sourcecode.swift; path = MyWorkListEnum.swift; sourceTree = "<group>"; };
		157CD0F2292713B9008D3BCF /* AddFavButton.swift */ = {isa = PBXFileReference; lastKnownFileType = sourcecode.swift; path = AddFavButton.swift; sourceTree = "<group>"; };
		157CD0F82927B963008D3BCF /* RecentMissing.swift */ = {isa = PBXFileReference; lastKnownFileType = sourcecode.swift; path = RecentMissing.swift; sourceTree = "<group>"; };
		159592FB292677A4000F6185 /* Repository.swift */ = {isa = PBXFileReference; lastKnownFileType = sourcecode.swift; path = Repository.swift; sourceTree = "<group>"; };
		1595930529267987000F6185 /* GitUser.swift */ = {isa = PBXFileReference; lastKnownFileType = sourcecode.swift; path = GitUser.swift; sourceTree = "<group>"; };
		159FDCC52927D05500A3AF62 /* ProfileIcon.swift */ = {isa = PBXFileReference; lastKnownFileType = sourcecode.swift; path = ProfileIcon.swift; sourceTree = "<group>"; };
		159FDCC82927D10000A3AF62 /* UserActivityGrid.swift */ = {isa = PBXFileReference; lastKnownFileType = sourcecode.swift; path = UserActivityGrid.swift; sourceTree = "<group>"; };
		159FDCCA2927D1A300A3AF62 /* Organization.swift */ = {isa = PBXFileReference; lastKnownFileType = sourcecode.swift; path = Organization.swift; sourceTree = "<group>"; };
		159FDCD12927E85300A3AF62 /* ExploreView.swift */ = {isa = PBXFileReference; lastKnownFileType = sourcecode.swift; path = ExploreView.swift; sourceTree = "<group>"; };
		159FDCD32927EE0E00A3AF62 /* ToolBarProfileView.swift */ = {isa = PBXFileReference; lastKnownFileType = sourcecode.swift; path = ToolBarProfileView.swift; sourceTree = "<group>"; };
		159FDCD52927EE6000A3AF62 /* ToolBarDasboardView.swift */ = {isa = PBXFileReference; lastKnownFileType = sourcecode.swift; path = ToolBarDasboardView.swift; sourceTree = "<group>"; };
/* End PBXFileReference section */

/* Begin PBXFrameworksBuildPhase section */
		152013FB29266A6A004D3089 /* Frameworks */ = {
			isa = PBXFrameworksBuildPhase;
			buildActionMask = 2147483647;
			files = (
			);
			runOnlyForDeploymentPostprocessing = 0;
		};
/* End PBXFrameworksBuildPhase section */

/* Begin PBXGroup section */
		152013F529266A6A004D3089 = {
			isa = PBXGroup;
			children = (
				1520140029266A6A004D3089 /* GitHub */,
				152013FF29266A6A004D3089 /* Products */,
			);
			sourceTree = "<group>";
		};
		152013FF29266A6A004D3089 /* Products */ = {
			isa = PBXGroup;
			children = (
				152013FE29266A6A004D3089 /* GitHub.app */,
			);
			name = Products;
			sourceTree = "<group>";
		};
		1520140029266A6A004D3089 /* GitHub */ = {
			isa = PBXGroup;
			children = (
				1520140729266A6B004D3089 /* Preview Content */,
				1520140529266A6B004D3089 /* Assets.xcassets */,
				1520140129266A6A004D3089 /* GitHubApp.swift */,
				1520140329266A6A004D3089 /* ContentView.swift */,
				157CD0E7292694F8008D3BCF /* RepoListDetails.swift */,
				159FDCD02927E82700A3AF62 /* ExploreView */,
				159FDCC42927CFF800A3AF62 /* DashboardView */,
				159FDCC32927CFEF00A3AF62 /* ProfileView */,
				159593042926796C000F6185 /* Objects */,
			);
			path = GitHub;
			sourceTree = "<group>";
		};
		1520140729266A6B004D3089 /* Preview Content */ = {
			isa = PBXGroup;
			children = (
				1520140829266A6B004D3089 /* Preview Assets.xcassets */,
			);
			path = "Preview Content";
			sourceTree = "<group>";
		};
		157CD0F1292713A0008D3BCF /* AddFavRepoView */ = {
			isa = PBXGroup;
			children = (
				157CD0E52926810C008D3BCF /* AddFavRepoView.swift */,
				157CD0F2292713B9008D3BCF /* AddFavButton.swift */,
			);
			path = AddFavRepoView;
			sourceTree = "<group>";
		};
		157CD0F429272B43008D3BCF /* MyWorkListDetail */ = {
			isa = PBXGroup;
			children = (
				157CD0EC2926B2A0008D3BCF /* MyWorkListDetail.swift */,
				157CD0EE2926B369008D3BCF /* MyWorkListEnum.swift */,
			);
			path = MyWorkListDetail;
			sourceTree = "<group>";
		};
		157CD0F52927B843008D3BCF /* RecentMissingView */ = {
			isa = PBXGroup;
			children = (
				157CD0F82927B963008D3BCF /* RecentMissing.swift */,
			);
			path = RecentMissingView;
			sourceTree = "<group>";
		};
		159593042926796C000F6185 /* Objects */ = {
			isa = PBXGroup;
			children = (
				159592FB292677A4000F6185 /* Repository.swift */,
				1595930529267987000F6185 /* GitUser.swift */,
				159FDCCA2927D1A300A3AF62 /* Organization.swift */,
			);
			path = Objects;
			sourceTree = "<group>";
		};
		159FDCC32927CFEF00A3AF62 /* ProfileView */ = {
			isa = PBXGroup;
			children = (
				150B08682926734400CFFADC /* ProfileView.swift */,
				159FDCC52927D05500A3AF62 /* ProfileIcon.swift */,
				159FDCD32927EE0E00A3AF62 /* ToolBarProfileView.swift */,
				159FDCC72927D0EA00A3AF62 /* UserActivity */,
			);
			path = ProfileView;
			sourceTree = "<group>";
		};
		159FDCC42927CFF800A3AF62 /* DashboardView */ = {
			isa = PBXGroup;
			children = (
				150B08662926732E00CFFADC /* DashboardView.swift */,
				159FDCD52927EE6000A3AF62 /* ToolBarDasboardView.swift */,
				157CD0F52927B843008D3BCF /* RecentMissingView */,
				157CD0F429272B43008D3BCF /* MyWorkListDetail */,
				157CD0F1292713A0008D3BCF /* AddFavRepoView */,
			);
			path = DashboardView;
			sourceTree = "<group>";
		};
		159FDCC72927D0EA00A3AF62 /* UserActivity */ = {
			isa = PBXGroup;
			children = (
				159FDCC82927D10000A3AF62 /* UserActivityGrid.swift */,
			);
			path = UserActivity;
			sourceTree = "<group>";
		};
		159FDCD02927E82700A3AF62 /* ExploreView */ = {
			isa = PBXGroup;
			children = (
				159FDCD12927E85300A3AF62 /* ExploreView.swift */,
			);
			path = ExploreView;
			sourceTree = "<group>";
		};
/* End PBXGroup section */

/* Begin PBXNativeTarget section */
		152013FD29266A6A004D3089 /* GitHub */ = {
			isa = PBXNativeTarget;
			buildConfigurationList = 1520140C29266A6B004D3089 /* Build configuration list for PBXNativeTarget "GitHub" */;
			buildPhases = (
				152013FA29266A6A004D3089 /* Sources */,
				152013FB29266A6A004D3089 /* Frameworks */,
				152013FC29266A6A004D3089 /* Resources */,
			);
			buildRules = (
			);
			dependencies = (
			);
			name = GitHub;
			productName = GitHub;
			productReference = 152013FE29266A6A004D3089 /* GitHub.app */;
			productType = "com.apple.product-type.application";
		};
/* End PBXNativeTarget section */

/* Begin PBXProject section */
		152013F629266A6A004D3089 /* Project object */ = {
			isa = PBXProject;
			attributes = {
				BuildIndependentTargetsInParallel = 1;
				LastSwiftUpdateCheck = 1400;
				LastUpgradeCheck = 1400;
				TargetAttributes = {
					152013FD29266A6A004D3089 = {
						CreatedOnToolsVersion = 14.0.1;
					};
				};
			};
			buildConfigurationList = 152013F929266A6A004D3089 /* Build configuration list for PBXProject "GitHub" */;
			compatibilityVersion = "Xcode 14.0";
			developmentRegion = en;
			hasScannedForEncodings = 0;
			knownRegions = (
				en,
				Base,
			);
			mainGroup = 152013F529266A6A004D3089;
			productRefGroup = 152013FF29266A6A004D3089 /* Products */;
			projectDirPath = "";
			projectRoot = "";
			targets = (
				152013FD29266A6A004D3089 /* GitHub */,
			);
		};
/* End PBXProject section */

/* Begin PBXResourcesBuildPhase section */
		152013FC29266A6A004D3089 /* Resources */ = {
			isa = PBXResourcesBuildPhase;
			buildActionMask = 2147483647;
			files = (
				1520140929266A6B004D3089 /* Preview Assets.xcassets in Resources */,
				1520140629266A6B004D3089 /* Assets.xcassets in Resources */,
			);
			runOnlyForDeploymentPostprocessing = 0;
		};
/* End PBXResourcesBuildPhase section */

/* Begin PBXSourcesBuildPhase section */
		152013FA29266A6A004D3089 /* Sources */ = {
			isa = PBXSourcesBuildPhase;
			buildActionMask = 2147483647;
			files = (
				157CD0E8292694F8008D3BCF /* RepoListDetails.swift in Sources */,
				157CD0ED2926B2A0008D3BCF /* MyWorkListDetail.swift in Sources */,
				157CD0E62926810C008D3BCF /* AddFavRepoView.swift in Sources */,
				1520140429266A6A004D3089 /* ContentView.swift in Sources */,
				157CD0F3292713B9008D3BCF /* AddFavButton.swift in Sources */,
				159FDCC92927D10000A3AF62 /* UserActivityGrid.swift in Sources */,
				159FDCD62927EE6000A3AF62 /* ToolBarDasboardView.swift in Sources */,
				150B08692926734400CFFADC /* ProfileView.swift in Sources */,
				159592FC292677A4000F6185 /* Repository.swift in Sources */,
				150B08672926732E00CFFADC /* DashboardView.swift in Sources */,
				159FDCD22927E85300A3AF62 /* ExploreView.swift in Sources */,
				159FDCC62927D05500A3AF62 /* ProfileIcon.swift in Sources */,
				1595930629267987000F6185 /* GitUser.swift in Sources */,
				157CD0F92927B963008D3BCF /* RecentMissing.swift in Sources */,
				1520140229266A6A004D3089 /* GitHubApp.swift in Sources */,
				159FDCD42927EE0E00A3AF62 /* ToolBarProfileView.swift in Sources */,
				159FDCCB2927D1A300A3AF62 /* Organization.swift in Sources */,
				157CD0EF2926B369008D3BCF /* MyWorkListEnum.swift in Sources */,
			);
			runOnlyForDeploymentPostprocessing = 0;
		};
/* End PBXSourcesBuildPhase section */

/* Begin XCBuildConfiguration section */
		1520140A29266A6B004D3089 /* Debug */ = {
			isa = XCBuildConfiguration;
			buildSettings = {
				ALWAYS_SEARCH_USER_PATHS = NO;
				CLANG_ANALYZER_NONNULL = YES;
				CLANG_ANALYZER_NUMBER_OBJECT_CONVERSION = YES_AGGRESSIVE;
				CLANG_CXX_LANGUAGE_STANDARD = "gnu++20";
				CLANG_ENABLE_MODULES = YES;
				CLANG_ENABLE_OBJC_ARC = YES;
				CLANG_ENABLE_OBJC_WEAK = YES;
				CLANG_WARN_BLOCK_CAPTURE_AUTORELEASING = YES;
				CLANG_WARN_BOOL_CONVERSION = YES;
				CLANG_WARN_COMMA = YES;
				CLANG_WARN_CONSTANT_CONVERSION = YES;
				CLANG_WARN_DEPRECATED_OBJC_IMPLEMENTATIONS = YES;
				CLANG_WARN_DIRECT_OBJC_ISA_USAGE = YES_ERROR;
				CLANG_WARN_DOCUMENTATION_COMMENTS = YES;
				CLANG_WARN_EMPTY_BODY = YES;
				CLANG_WARN_ENUM_CONVERSION = YES;
				CLANG_WARN_INFINITE_RECURSION = YES;
				CLANG_WARN_INT_CONVERSION = YES;
				CLANG_WARN_NON_LITERAL_NULL_CONVERSION = YES;
				CLANG_WARN_OBJC_IMPLICIT_RETAIN_SELF = YES;
				CLANG_WARN_OBJC_LITERAL_CONVERSION = YES;
				CLANG_WARN_OBJC_ROOT_CLASS = YES_ERROR;
				CLANG_WARN_QUOTED_INCLUDE_IN_FRAMEWORK_HEADER = YES;
				CLANG_WARN_RANGE_LOOP_ANALYSIS = YES;
				CLANG_WARN_STRICT_PROTOTYPES = YES;
				CLANG_WARN_SUSPICIOUS_MOVE = YES;
				CLANG_WARN_UNGUARDED_AVAILABILITY = YES_AGGRESSIVE;
				CLANG_WARN_UNREACHABLE_CODE = YES;
				CLANG_WARN__DUPLICATE_METHOD_MATCH = YES;
				COPY_PHASE_STRIP = NO;
				DEBUG_INFORMATION_FORMAT = dwarf;
				ENABLE_STRICT_OBJC_MSGSEND = YES;
				ENABLE_TESTABILITY = YES;
				GCC_C_LANGUAGE_STANDARD = gnu11;
				GCC_DYNAMIC_NO_PIC = NO;
				GCC_NO_COMMON_BLOCKS = YES;
				GCC_OPTIMIZATION_LEVEL = 0;
				GCC_PREPROCESSOR_DEFINITIONS = (
					"DEBUG=1",
					"$(inherited)",
				);
				GCC_WARN_64_TO_32_BIT_CONVERSION = YES;
				GCC_WARN_ABOUT_RETURN_TYPE = YES_ERROR;
				GCC_WARN_UNDECLARED_SELECTOR = YES;
				GCC_WARN_UNINITIALIZED_AUTOS = YES_AGGRESSIVE;
				GCC_WARN_UNUSED_FUNCTION = YES;
				GCC_WARN_UNUSED_VARIABLE = YES;
				IPHONEOS_DEPLOYMENT_TARGET = 16.0;
				MTL_ENABLE_DEBUG_INFO = INCLUDE_SOURCE;
				MTL_FAST_MATH = YES;
				ONLY_ACTIVE_ARCH = YES;
				SDKROOT = iphoneos;
				SWIFT_ACTIVE_COMPILATION_CONDITIONS = DEBUG;
				SWIFT_OPTIMIZATION_LEVEL = "-Onone";
			};
			name = Debug;
		};
		1520140B29266A6B004D3089 /* Release */ = {
			isa = XCBuildConfiguration;
			buildSettings = {
				ALWAYS_SEARCH_USER_PATHS = NO;
				CLANG_ANALYZER_NONNULL = YES;
				CLANG_ANALYZER_NUMBER_OBJECT_CONVERSION = YES_AGGRESSIVE;
				CLANG_CXX_LANGUAGE_STANDARD = "gnu++20";
				CLANG_ENABLE_MODULES = YES;
				CLANG_ENABLE_OBJC_ARC = YES;
				CLANG_ENABLE_OBJC_WEAK = YES;
				CLANG_WARN_BLOCK_CAPTURE_AUTORELEASING = YES;
				CLANG_WARN_BOOL_CONVERSION = YES;
				CLANG_WARN_COMMA = YES;
				CLANG_WARN_CONSTANT_CONVERSION = YES;
				CLANG_WARN_DEPRECATED_OBJC_IMPLEMENTATIONS = YES;
				CLANG_WARN_DIRECT_OBJC_ISA_USAGE = YES_ERROR;
				CLANG_WARN_DOCUMENTATION_COMMENTS = YES;
				CLANG_WARN_EMPTY_BODY = YES;
				CLANG_WARN_ENUM_CONVERSION = YES;
				CLANG_WARN_INFINITE_RECURSION = YES;
				CLANG_WARN_INT_CONVERSION = YES;
				CLANG_WARN_NON_LITERAL_NULL_CONVERSION = YES;
				CLANG_WARN_OBJC_IMPLICIT_RETAIN_SELF = YES;
				CLANG_WARN_OBJC_LITERAL_CONVERSION = YES;
				CLANG_WARN_OBJC_ROOT_CLASS = YES_ERROR;
				CLANG_WARN_QUOTED_INCLUDE_IN_FRAMEWORK_HEADER = YES;
				CLANG_WARN_RANGE_LOOP_ANALYSIS = YES;
				CLANG_WARN_STRICT_PROTOTYPES = YES;
				CLANG_WARN_SUSPICIOUS_MOVE = YES;
				CLANG_WARN_UNGUARDED_AVAILABILITY = YES_AGGRESSIVE;
				CLANG_WARN_UNREACHABLE_CODE = YES;
				CLANG_WARN__DUPLICATE_METHOD_MATCH = YES;
				COPY_PHASE_STRIP = NO;
				DEBUG_INFORMATION_FORMAT = "dwarf-with-dsym";
				ENABLE_NS_ASSERTIONS = NO;
				ENABLE_STRICT_OBJC_MSGSEND = YES;
				GCC_C_LANGUAGE_STANDARD = gnu11;
				GCC_NO_COMMON_BLOCKS = YES;
				GCC_WARN_64_TO_32_BIT_CONVERSION = YES;
				GCC_WARN_ABOUT_RETURN_TYPE = YES_ERROR;
				GCC_WARN_UNDECLARED_SELECTOR = YES;
				GCC_WARN_UNINITIALIZED_AUTOS = YES_AGGRESSIVE;
				GCC_WARN_UNUSED_FUNCTION = YES;
				GCC_WARN_UNUSED_VARIABLE = YES;
				IPHONEOS_DEPLOYMENT_TARGET = 16.0;
				MTL_ENABLE_DEBUG_INFO = NO;
				MTL_FAST_MATH = YES;
				SDKROOT = iphoneos;
				SWIFT_COMPILATION_MODE = wholemodule;
				SWIFT_OPTIMIZATION_LEVEL = "-O";
				VALIDATE_PRODUCT = YES;
			};
			name = Release;
		};
		1520140D29266A6B004D3089 /* Debug */ = {
			isa = XCBuildConfiguration;
			buildSettings = {
				ASSETCATALOG_COMPILER_APPICON_NAME = AppIcon;
				ASSETCATALOG_COMPILER_GLOBAL_ACCENT_COLOR_NAME = AccentColor;
				CODE_SIGN_STYLE = Automatic;
				CURRENT_PROJECT_VERSION = 1;
				DEVELOPMENT_ASSET_PATHS = "\"GitHub/Preview Content\"";
				DEVELOPMENT_TEAM = TK83CG584J;
				ENABLE_PREVIEWS = YES;
				GENERATE_INFOPLIST_FILE = YES;
				INFOPLIST_KEY_UIApplicationSceneManifest_Generation = YES;
				INFOPLIST_KEY_UIApplicationSupportsIndirectInputEvents = YES;
				INFOPLIST_KEY_UILaunchScreen_Generation = YES;
				INFOPLIST_KEY_UISupportedInterfaceOrientations_iPad = "UIInterfaceOrientationPortrait UIInterfaceOrientationPortraitUpsideDown UIInterfaceOrientationLandscapeLeft UIInterfaceOrientationLandscapeRight";
				INFOPLIST_KEY_UISupportedInterfaceOrientations_iPhone = "UIInterfaceOrientationPortrait UIInterfaceOrientationLandscapeLeft UIInterfaceOrientationLandscapeRight";
				LD_RUNPATH_SEARCH_PATHS = (
					"$(inherited)",
					"@executable_path/Frameworks",
				);
				MARKETING_VERSION = 1.0;
				PRODUCT_BUNDLE_IDENTIFIER = com.bbwark.GitHub;
				PRODUCT_NAME = "$(TARGET_NAME)";
				SWIFT_EMIT_LOC_STRINGS = YES;
				SWIFT_VERSION = 5.0;
				TARGETED_DEVICE_FAMILY = "1,2";
			};
			name = Debug;
		};
		1520140E29266A6B004D3089 /* Release */ = {
			isa = XCBuildConfiguration;
			buildSettings = {
				ASSETCATALOG_COMPILER_APPICON_NAME = AppIcon;
				ASSETCATALOG_COMPILER_GLOBAL_ACCENT_COLOR_NAME = AccentColor;
				CODE_SIGN_STYLE = Automatic;
				CURRENT_PROJECT_VERSION = 1;
				DEVELOPMENT_ASSET_PATHS = "\"GitHub/Preview Content\"";
				DEVELOPMENT_TEAM = TK83CG584J;
				ENABLE_PREVIEWS = YES;
				GENERATE_INFOPLIST_FILE = YES;
				INFOPLIST_KEY_UIApplicationSceneManifest_Generation = YES;
				INFOPLIST_KEY_UIApplicationSupportsIndirectInputEvents = YES;
				INFOPLIST_KEY_UILaunchScreen_Generation = YES;
				INFOPLIST_KEY_UISupportedInterfaceOrientations_iPad = "UIInterfaceOrientationPortrait UIInterfaceOrientationPortraitUpsideDown UIInterfaceOrientationLandscapeLeft UIInterfaceOrientationLandscapeRight";
				INFOPLIST_KEY_UISupportedInterfaceOrientations_iPhone = "UIInterfaceOrientationPortrait UIInterfaceOrientationLandscapeLeft UIInterfaceOrientationLandscapeRight";
				LD_RUNPATH_SEARCH_PATHS = (
					"$(inherited)",
					"@executable_path/Frameworks",
				);
				MARKETING_VERSION = 1.0;
				PRODUCT_BUNDLE_IDENTIFIER = com.bbwark.GitHub;
				PRODUCT_NAME = "$(TARGET_NAME)";
				SWIFT_EMIT_LOC_STRINGS = YES;
				SWIFT_VERSION = 5.0;
				TARGETED_DEVICE_FAMILY = "1,2";
			};
			name = Release;
		};
/* End XCBuildConfiguration section */

/* Begin XCConfigurationList section */
		152013F929266A6A004D3089 /* Build configuration list for PBXProject "GitHub" */ = {
			isa = XCConfigurationList;
			buildConfigurations = (
				1520140A29266A6B004D3089 /* Debug */,
				1520140B29266A6B004D3089 /* Release */,
			);
			defaultConfigurationIsVisible = 0;
			defaultConfigurationName = Release;
		};
		1520140C29266A6B004D3089 /* Build configuration list for PBXNativeTarget "GitHub" */ = {
			isa = XCConfigurationList;
			buildConfigurations = (
				1520140D29266A6B004D3089 /* Debug */,
				1520140E29266A6B004D3089 /* Release */,
			);
			defaultConfigurationIsVisible = 0;
			defaultConfigurationName = Release;
		};
/* End XCConfigurationList section */
	};
	rootObject = 152013F629266A6A004D3089 /* Project object */;
}
